
Microsoft Visual Studio Solution File, Format Version 12.00
# Visual Studio Version 17
VisualStudioVersion = 17.0.31903.59
MinimumVisualStudioVersion = 10.0.40219.1
Project("{2150E333-8FDC-42A3-9474-1A3956D46DE8}") = "agent", "agent", "{A0596E84-2522-6F31-0F43-77167BFA80D0}"
EndProject
Project("{FAE04EC0-301F-11D3-BF4B-00C04F79EFBC}") = "Test.Agent.Contracts", "agent\Test.Agent.Contracts\Test.Agent.Contracts.csproj", "{B9769A29-A2C8-4C58-B0AB-1A3D7AE44465}"
EndProject
Project("{2150E333-8FDC-42A3-9474-1A3956D46DE8}") = "src", "src", "{827E0CD3-B72D-47B6-A68D-7590B98EB39B}"
EndProject
Project("{FAE04EC0-301F-11D3-BF4B-00C04F79EFBC}") = "TestFramework.Core", "src\TestFramework.Core\TestFramework.Core.csproj", "{B8CAC735-5E3B-49C6-A476-C0D2430DBE22}"
EndProject
Project("{FAE04EC0-301F-11D3-BF4B-00C04F79EFBC}") = "TestFramework.Playwright", "src\TestFramework.Playwright\TestFramework.Playwright.csproj", "{6624FA69-5C77-4B06-99C1-1C7AFBE25A8C}"
EndProject
Project("{FAE04EC0-301F-11D3-BF4B-00C04F79EFBC}") = "Test.AgentGateway", "agent\Test.AgentGateway\Test.AgentGateway.csproj", "{FF67DC04-BEF3-4E5F-BD82-089229D040DB}"
EndProject
Project("{FAE04EC0-301F-11D3-BF4B-00C04F79EFBC}") = "Test.AgentGateway.Cli", "agent\Test.AgentGateway.Cli\Test.AgentGateway.Cli.csproj", "{6A6C90BF-28A5-4A49-B4F3-A137551D4298}"
EndProject
Project("{2150E333-8FDC-42A3-9474-1A3956D46DE8}") = "tests", "tests", "{0AB3BF05-4346-4AA6-1389-037BE0695223}"
EndProject
Project("{FAE04EC0-301F-11D3-BF4B-00C04F79EFBC}") = "UI.Tests", "tests\UI.Tests\UI.Tests.csproj", "{0A7F963D-27C9-4FDA-BA3B-9DB6E47D4EDB}"
EndProject
Project("{FAE04EC0-301F-11D3-BF4B-00C04F79EFBC}") = "TestFramework.UnitTests", "tests\TestFramework.UnitTests\TestFramework.UnitTests.csproj", "{D508505D-CC11-4314-8FAE-CF62D78B8DF5}"
EndProject
Global
	GlobalSection(SolutionConfigurationPlatforms) = preSolution
		Debug|Any CPU = Debug|Any CPU
		Debug|x64 = Debug|x64
		Debug|x86 = Debug|x86
		Release|Any CPU = Release|Any CPU
		Release|x64 = Release|x64
		Release|x86 = Release|x86
	EndGlobalSection
	GlobalSection(ProjectConfigurationPlatforms) = postSolution
		{B9769A29-A2C8-4C58-B0AB-1A3D7AE44465}.Debug|Any CPU.ActiveCfg = Debug|Any CPU
		{B9769A29-A2C8-4C58-B0AB-1A3D7AE44465}.Debug|Any CPU.Build.0 = Debug|Any CPU
		{B9769A29-A2C8-4C58-B0AB-1A3D7AE44465}.Debug|x64.ActiveCfg = Debug|Any CPU
		{B9769A29-A2C8-4C58-B0AB-1A3D7AE44465}.Debug|x64.Build.0 = Debug|Any CPU
		{B9769A29-A2C8-4C58-B0AB-1A3D7AE44465}.Debug|x86.ActiveCfg = Debug|Any CPU
		{B9769A29-A2C8-4C58-B0AB-1A3D7AE44465}.Debug|x86.Build.0 = Debug|Any CPU
		{B9769A29-A2C8-4C58-B0AB-1A3D7AE44465}.Release|Any CPU.ActiveCfg = Release|Any CPU
		{B9769A29-A2C8-4C58-B0AB-1A3D7AE44465}.Release|Any CPU.Build.0 = Release|Any CPU
		{B9769A29-A2C8-4C58-B0AB-1A3D7AE44465}.Release|x64.ActiveCfg = Release|Any CPU
		{B9769A29-A2C8-4C58-B0AB-1A3D7AE44465}.Release|x64.Build.0 = Release|Any CPU
		{B9769A29-A2C8-4C58-B0AB-1A3D7AE44465}.Release|x86.ActiveCfg = Release|Any CPU
		{B9769A29-A2C8-4C58-B0AB-1A3D7AE44465}.Release|x86.Build.0 = Release|Any CPU
		{B8CAC735-5E3B-49C6-A476-C0D2430DBE22}.Debug|Any CPU.ActiveCfg = Debug|Any CPU
		{B8CAC735-5E3B-49C6-A476-C0D2430DBE22}.Debug|Any CPU.Build.0 = Debug|Any CPU
		{B8CAC735-5E3B-49C6-A476-C0D2430DBE22}.Debug|x64.ActiveCfg = Debug|Any CPU
		{B8CAC735-5E3B-49C6-A476-C0D2430DBE22}.Debug|x64.Build.0 = Debug|Any CPU
		{B8CAC735-5E3B-49C6-A476-C0D2430DBE22}.Debug|x86.ActiveCfg = Debug|Any CPU
		{B8CAC735-5E3B-49C6-A476-C0D2430DBE22}.Debug|x86.Build.0 = Debug|Any CPU
		{B8CAC735-5E3B-49C6-A476-C0D2430DBE22}.Release|Any CPU.ActiveCfg = Release|Any CPU
		{B8CAC735-5E3B-49C6-A476-C0D2430DBE22}.Release|Any CPU.Build.0 = Release|Any CPU
		{B8CAC735-5E3B-49C6-A476-C0D2430DBE22}.Release|x64.ActiveCfg = Release|Any CPU
		{B8CAC735-5E3B-49C6-A476-C0D2430DBE22}.Release|x64.Build.0 = Release|Any CPU
		{B8CAC735-5E3B-49C6-A476-C0D2430DBE22}.Release|x86.ActiveCfg = Release|Any CPU
		{B8CAC735-5E3B-49C6-A476-C0D2430DBE22}.Release|x86.Build.0 = Release|Any CPU
		{6624FA69-5C77-4B06-99C1-1C7AFBE25A8C}.Debug|Any CPU.ActiveCfg = Debug|Any CPU
		{6624FA69-5C77-4B06-99C1-1C7AFBE25A8C}.Debug|Any CPU.Build.0 = Debug|Any CPU
		{6624FA69-5C77-4B06-99C1-1C7AFBE25A8C}.Debug|x64.ActiveCfg = Debug|Any CPU
		{6624FA69-5C77-4B06-99C1-1C7AFBE25A8C}.Debug|x64.Build.0 = Debug|Any CPU
		{6624FA69-5C77-4B06-99C1-1C7AFBE25A8C}.Debug|x86.ActiveCfg = Debug|Any CPU
		{6624FA69-5C77-4B06-99C1-1C7AFBE25A8C}.Debug|x86.Build.0 = Debug|Any CPU
		{6624FA69-5C77-4B06-99C1-1C7AFBE25A8C}.Release|Any CPU.ActiveCfg = Release|Any CPU
		{6624FA69-5C77-4B06-99C1-1C7AFBE25A8C}.Release|Any CPU.Build.0 = Release|Any CPU
		{6624FA69-5C77-4B06-99C1-1C7AFBE25A8C}.Release|x64.ActiveCfg = Release|Any CPU
		{6624FA69-5C77-4B06-99C1-1C7AFBE25A8C}.Release|x64.Build.0 = Release|Any CPU
		{6624FA69-5C77-4B06-99C1-1C7AFBE25A8C}.Release|x86.ActiveCfg = Release|Any CPU
		{6624FA69-5C77-4B06-99C1-1C7AFBE25A8C}.Release|x86.Build.0 = Release|Any CPU
		{FF67DC04-BEF3-4E5F-BD82-089229D040DB}.Debug|Any CPU.ActiveCfg = Debug|Any CPU
		{FF67DC04-BEF3-4E5F-BD82-089229D040DB}.Debug|Any CPU.Build.0 = Debug|Any CPU
		{FF67DC04-BEF3-4E5F-BD82-089229D040DB}.Debug|x64.ActiveCfg = Debug|Any CPU
		{FF67DC04-BEF3-4E5F-BD82-089229D040DB}.Debug|x64.Build.0 = Debug|Any CPU
		{FF67DC04-BEF3-4E5F-BD82-089229D040DB}.Debug|x86.ActiveCfg = Debug|Any CPU
		{FF67DC04-BEF3-4E5F-BD82-089229D040DB}.Debug|x86.Build.0 = Debug|Any CPU
		{FF67DC04-BEF3-4E5F-BD82-089229D040DB}.Release|Any CPU.ActiveCfg = Release|Any CPU
		{FF67DC04-BEF3-4E5F-BD82-089229D040DB}.Release|Any CPU.Build.0 = Release|Any CPU
		{FF67DC04-BEF3-4E5F-BD82-089229D040DB}.Release|x64.ActiveCfg = Release|Any CPU
		{FF67DC04-BEF3-4E5F-BD82-089229D040DB}.Release|x64.Build.0 = Release|Any CPU
		{FF67DC04-BEF3-4E5F-BD82-089229D040DB}.Release|x86.ActiveCfg = Release|Any CPU
		{FF67DC04-BEF3-4E5F-BD82-089229D040DB}.Release|x86.Build.0 = Release|Any CPU
		{6A6C90BF-28A5-4A49-B4F3-A137551D4298}.Debug|Any CPU.ActiveCfg = Debug|Any CPU
		{6A6C90BF-28A5-4A49-B4F3-A137551D4298}.Debug|Any CPU.Build.0 = Debug|Any CPU
		{6A6C90BF-28A5-4A49-B4F3-A137551D4298}.Debug|x64.ActiveCfg = Debug|Any CPU
		{6A6C90BF-28A5-4A49-B4F3-A137551D4298}.Debug|x64.Build.0 = Debug|Any CPU
		{6A6C90BF-28A5-4A49-B4F3-A137551D4298}.Debug|x86.ActiveCfg = Debug|Any CPU
		{6A6C90BF-28A5-4A49-B4F3-A137551D4298}.Debug|x86.Build.0 = Debug|Any CPU
		{6A6C90BF-28A5-4A49-B4F3-A137551D4298}.Release|Any CPU.ActiveCfg = Release|Any CPU
		{6A6C90BF-28A5-4A49-B4F3-A137551D4298}.Release|Any CPU.Build.0 = Release|Any CPU
		{6A6C90BF-28A5-4A49-B4F3-A137551D4298}.Release|x64.ActiveCfg = Release|Any CPU
		{6A6C90BF-28A5-4A49-B4F3-A137551D4298}.Release|x64.Build.0 = Release|Any CPU
		{6A6C90BF-28A5-4A49-B4F3-A137551D4298}.Release|x86.ActiveCfg = Release|Any CPU
		{6A6C90BF-28A5-4A49-B4F3-A137551D4298}.Release|x86.Build.0 = Release|Any CPU
		{0A7F963D-27C9-4FDA-BA3B-9DB6E47D4EDB}.Debug|Any CPU.ActiveCfg = Debug|Any CPU
		{0A7F963D-27C9-4FDA-BA3B-9DB6E47D4EDB}.Debug|Any CPU.Build.0 = Debug|Any CPU
		{0A7F963D-27C9-4FDA-BA3B-9DB6E47D4EDB}.Debug|x64.ActiveCfg = Debug|Any CPU
		{0A7F963D-27C9-4FDA-BA3B-9DB6E47D4EDB}.Debug|x64.Build.0 = Debug|Any CPU
		{0A7F963D-27C9-4FDA-BA3B-9DB6E47D4EDB}.Debug|x86.ActiveCfg = Debug|Any CPU
		{0A7F963D-27C9-4FDA-BA3B-9DB6E47D4EDB}.Debug|x86.Build.0 = Debug|Any CPU
		{0A7F963D-27C9-4FDA-BA3B-9DB6E47D4EDB}.Release|Any CPU.ActiveCfg = Release|Any CPU
		{0A7F963D-27C9-4FDA-BA3B-9DB6E47D4EDB}.Release|Any CPU.Build.0 = Release|Any CPU
		{0A7F963D-27C9-4FDA-BA3B-9DB6E47D4EDB}.Release|x64.ActiveCfg = Release|Any CPU
		{0A7F963D-27C9-4FDA-BA3B-9DB6E47D4EDB}.Release|x64.Build.0 = Release|Any CPU
		{0A7F963D-27C9-4FDA-BA3B-9DB6E47D4EDB}.Release|x86.ActiveCfg = Release|Any CPU
		{0A7F963D-27C9-4FDA-BA3B-9DB6E47D4EDB}.Release|x86.Build.0 = Release|Any CPU
		{D508505D-CC11-4314-8FAE-CF62D78B8DF5}.Debug|Any CPU.ActiveCfg = Debug|Any CPU
		{D508505D-CC11-4314-8FAE-CF62D78B8DF5}.Debug|Any CPU.Build.0 = Debug|Any CPU
		{D508505D-CC11-4314-8FAE-CF62D78B8DF5}.Debug|x64.ActiveCfg = Debug|Any CPU
		{D508505D-CC11-4314-8FAE-CF62D78B8DF5}.Debug|x64.Build.0 = Debug|Any CPU
		{D508505D-CC11-4314-8FAE-CF62D78B8DF5}.Debug|x86.ActiveCfg = Debug|Any CPU
		{D508505D-CC11-4314-8FAE-CF62D78B8DF5}.Debug|x86.Build.0 = Debug|Any CPU
		{D508505D-CC11-4314-8FAE-CF62D78B8DF5}.Release|Any CPU.ActiveCfg = Release|Any CPU
		{D508505D-CC11-4314-8FAE-CF62D78B8DF5}.Release|Any CPU.Build.0 = Release|Any CPU
		{D508505D-CC11-4314-8FAE-CF62D78B8DF5}.Release|x64.ActiveCfg = Release|Any CPU
		{D508505D-CC11-4314-8FAE-CF62D78B8DF5}.Release|x64.Build.0 = Release|Any CPU
		{D508505D-CC11-4314-8FAE-CF62D78B8DF5}.Release|x86.ActiveCfg = Release|Any CPU
		{D508505D-CC11-4314-8FAE-CF62D78B8DF5}.Release|x86.Build.0 = Release|Any CPU
	EndGlobalSection
	GlobalSection(SolutionProperties) = preSolution
		HideSolutionNode = FALSE
	EndGlobalSection
	GlobalSection(NestedProjects) = preSolution
		{B9769A29-A2C8-4C58-B0AB-1A3D7AE44465} = {A0596E84-2522-6F31-0F43-77167BFA80D0}
		{B8CAC735-5E3B-49C6-A476-C0D2430DBE22} = {827E0CD3-B72D-47B6-A68D-7590B98EB39B}
		{6624FA69-5C77-4B06-99C1-1C7AFBE25A8C} = {827E0CD3-B72D-47B6-A68D-7590B98EB39B}
		{FF67DC04-BEF3-4E5F-BD82-089229D040DB} = {A0596E84-2522-6F31-0F43-77167BFA80D0}
		{6A6C90BF-28A5-4A49-B4F3-A137551D4298} = {A0596E84-2522-6F31-0F43-77167BFA80D0}
		{0A7F963D-27C9-4FDA-BA3B-9DB6E47D4EDB} = {0AB3BF05-4346-4AA6-1389-037BE0695223}
		{D508505D-CC11-4314-8FAE-CF62D78B8DF5} = {0AB3BF05-4346-4AA6-1389-037BE0695223}
	EndGlobalSection
EndGlobal
